
Microsoft Visual Studio Solution File, Format Version 12.00
# Visual Studio Version 16
VisualStudioVersion = 16.0.29324.140
MinimumVisualStudioVersion = 10.0.40219.1
Project("{2150E333-8FDC-42A3-9474-1A3956D46DE8}") = "Files", "Files", "{09F9F350-B9A5-44CE-A752-3ACAFAEE5F72}"
	ProjectSection(SolutionItems) = preProject
		.gitignore = .gitignore
		NuGet.Config = NuGet.Config
		README.md = README.md
	EndProjectSection
EndProject
Project("{9A19103F-16F7-4668-BE54-9A1E7A4F7556}") = "MiniWeb.Core", "src\MiniWeb.Core\MiniWeb.Core.csproj", "{39DB3631-139E-4998-87CB-BDA055C77F5D}"
EndProject
Project("{2150E333-8FDC-42A3-9474-1A3956D46DE8}") = "src", "src", "{7A9346FF-9D7B-4007-9449-BEBC15AB5FFE}"
EndProject
Project("{9A19103F-16F7-4668-BE54-9A1E7A4F7556}") = "MiniWeb.AssetStorage.FileSystem", "src\MiniWeb.AssetStorage.FileSystem\MiniWeb.AssetStorage.FileSystem.csproj", "{AB0346F7-D332-43FE-876C-BA2F2516203D}"
EndProject
Project("{9A19103F-16F7-4668-BE54-9A1E7A4F7556}") = "MiniWeb.Storage.EFStorage", "src\MiniWeb.Storage.EFStorage\MiniWeb.Storage.EFStorage.csproj", "{63A68140-1DD1-45DD-B074-1819F6F02F58}"
EndProject
Project("{9A19103F-16F7-4668-BE54-9A1E7A4F7556}") = "MiniWeb.Storage.JsonStorage", "src\MiniWeb.Storage.JsonStorage\MiniWeb.Storage.JsonStorage.csproj", "{0828C6EE-ECA8-4DDF-8741-5146FB09AE4C}"
EndProject
Project("{9A19103F-16F7-4668-BE54-9A1E7A4F7556}") = "MiniWeb.Storage.XmlStorage", "src\MiniWeb.Storage.XmlStorage\MiniWeb.Storage.XmlStorage.csproj", "{6D633662-CCFD-4A0E-A156-7146361DA3DB}"
EndProject
Project("{2150E333-8FDC-42A3-9474-1A3956D46DE8}") = "test", "test", "{913D3875-C72D-49A6-8A38-3DD34B47AC90}"
EndProject
Project("{9A19103F-16F7-4668-BE54-9A1E7A4F7556}") = "MiniWeb.Core.Tests", "test\MiniWeb.Core.Tests\MiniWeb.Core.Tests.csproj", "{F261D5FF-926C-4F49-A9DB-33C22F61C7B1}"
EndProject
Project("{2150E333-8FDC-42A3-9474-1A3956D46DE8}") = "samples", "samples", "{FB94B0C3-156B-4EAA-BD61-1D2E4593A615}"
EndProject
Project("{9A19103F-16F7-4668-BE54-9A1E7A4F7556}") = "SampleWeb", "samples\SampleWeb\SampleWeb.csproj", "{212326C6-CFA4-41C7-BB34-E21C0ABDFCF4}"
EndProject
Project("{FAE04EC0-301F-11D3-BF4B-00C04F79EFBC}") = "MiniWeb.Core.UI", "src\MiniWeb.Core.UI\MiniWeb.Core.UI.csproj", "{20B1F9F1-92A8-4695-BFE9-50767E1447A8}"
EndProject
Project("{FAE04EC0-301F-11D3-BF4B-00C04F79EFBC}") = "SampleRazor", "samples\SampleRazor\SampleRazor.csproj", "{5FA54578-E714-49C8-8B74-BD60196E5CE4}"
EndProject
Global
	GlobalSection(SolutionConfigurationPlatforms) = preSolution
		Debug|Any CPU = Debug|Any CPU
		Debug|x64 = Debug|x64
		Debug|x86 = Debug|x86
		Release|Any CPU = Release|Any CPU
		Release|x64 = Release|x64
		Release|x86 = Release|x86
	EndGlobalSection
	GlobalSection(ProjectConfigurationPlatforms) = postSolution
		{39DB3631-139E-4998-87CB-BDA055C77F5D}.Debug|Any CPU.ActiveCfg = Debug|Any CPU
		{39DB3631-139E-4998-87CB-BDA055C77F5D}.Debug|Any CPU.Build.0 = Debug|Any CPU
		{39DB3631-139E-4998-87CB-BDA055C77F5D}.Debug|x64.ActiveCfg = Debug|Any CPU
		{39DB3631-139E-4998-87CB-BDA055C77F5D}.Debug|x64.Build.0 = Debug|Any CPU
		{39DB3631-139E-4998-87CB-BDA055C77F5D}.Debug|x86.ActiveCfg = Debug|Any CPU
		{39DB3631-139E-4998-87CB-BDA055C77F5D}.Debug|x86.Build.0 = Debug|Any CPU
		{39DB3631-139E-4998-87CB-BDA055C77F5D}.Release|Any CPU.ActiveCfg = Release|Any CPU
		{39DB3631-139E-4998-87CB-BDA055C77F5D}.Release|Any CPU.Build.0 = Release|Any CPU
		{39DB3631-139E-4998-87CB-BDA055C77F5D}.Release|x64.ActiveCfg = Release|Any CPU
		{39DB3631-139E-4998-87CB-BDA055C77F5D}.Release|x64.Build.0 = Release|Any CPU
		{39DB3631-139E-4998-87CB-BDA055C77F5D}.Release|x86.ActiveCfg = Release|Any CPU
		{39DB3631-139E-4998-87CB-BDA055C77F5D}.Release|x86.Build.0 = Release|Any CPU
		{AB0346F7-D332-43FE-876C-BA2F2516203D}.Debug|Any CPU.ActiveCfg = Debug|Any CPU
		{AB0346F7-D332-43FE-876C-BA2F2516203D}.Debug|Any CPU.Build.0 = Debug|Any CPU
		{AB0346F7-D332-43FE-876C-BA2F2516203D}.Debug|x64.ActiveCfg = Debug|Any CPU
		{AB0346F7-D332-43FE-876C-BA2F2516203D}.Debug|x64.Build.0 = Debug|Any CPU
		{AB0346F7-D332-43FE-876C-BA2F2516203D}.Debug|x86.ActiveCfg = Debug|Any CPU
		{AB0346F7-D332-43FE-876C-BA2F2516203D}.Debug|x86.Build.0 = Debug|Any CPU
		{AB0346F7-D332-43FE-876C-BA2F2516203D}.Release|Any CPU.ActiveCfg = Release|Any CPU
		{AB0346F7-D332-43FE-876C-BA2F2516203D}.Release|Any CPU.Build.0 = Release|Any CPU
		{AB0346F7-D332-43FE-876C-BA2F2516203D}.Release|x64.ActiveCfg = Release|Any CPU
		{AB0346F7-D332-43FE-876C-BA2F2516203D}.Release|x64.Build.0 = Release|Any CPU
		{AB0346F7-D332-43FE-876C-BA2F2516203D}.Release|x86.ActiveCfg = Release|Any CPU
		{AB0346F7-D332-43FE-876C-BA2F2516203D}.Release|x86.Build.0 = Release|Any CPU
		{63A68140-1DD1-45DD-B074-1819F6F02F58}.Debug|Any CPU.ActiveCfg = Debug|Any CPU
		{63A68140-1DD1-45DD-B074-1819F6F02F58}.Debug|Any CPU.Build.0 = Debug|Any CPU
		{63A68140-1DD1-45DD-B074-1819F6F02F58}.Debug|x64.ActiveCfg = Debug|Any CPU
		{63A68140-1DD1-45DD-B074-1819F6F02F58}.Debug|x64.Build.0 = Debug|Any CPU
		{63A68140-1DD1-45DD-B074-1819F6F02F58}.Debug|x86.ActiveCfg = Debug|Any CPU
		{63A68140-1DD1-45DD-B074-1819F6F02F58}.Debug|x86.Build.0 = Debug|Any CPU
		{63A68140-1DD1-45DD-B074-1819F6F02F58}.Release|Any CPU.ActiveCfg = Release|Any CPU
		{63A68140-1DD1-45DD-B074-1819F6F02F58}.Release|Any CPU.Build.0 = Release|Any CPU
		{63A68140-1DD1-45DD-B074-1819F6F02F58}.Release|x64.ActiveCfg = Release|Any CPU
		{63A68140-1DD1-45DD-B074-1819F6F02F58}.Release|x64.Build.0 = Release|Any CPU
		{63A68140-1DD1-45DD-B074-1819F6F02F58}.Release|x86.ActiveCfg = Release|Any CPU
		{63A68140-1DD1-45DD-B074-1819F6F02F58}.Release|x86.Build.0 = Release|Any CPU
		{0828C6EE-ECA8-4DDF-8741-5146FB09AE4C}.Debug|Any CPU.ActiveCfg = Debug|Any CPU
		{0828C6EE-ECA8-4DDF-8741-5146FB09AE4C}.Debug|Any CPU.Build.0 = Debug|Any CPU
		{0828C6EE-ECA8-4DDF-8741-5146FB09AE4C}.Debug|x64.ActiveCfg = Debug|Any CPU
		{0828C6EE-ECA8-4DDF-8741-5146FB09AE4C}.Debug|x64.Build.0 = Debug|Any CPU
		{0828C6EE-ECA8-4DDF-8741-5146FB09AE4C}.Debug|x86.ActiveCfg = Debug|Any CPU
		{0828C6EE-ECA8-4DDF-8741-5146FB09AE4C}.Debug|x86.Build.0 = Debug|Any CPU
		{0828C6EE-ECA8-4DDF-8741-5146FB09AE4C}.Release|Any CPU.ActiveCfg = Release|Any CPU
		{0828C6EE-ECA8-4DDF-8741-5146FB09AE4C}.Release|Any CPU.Build.0 = Release|Any CPU
		{0828C6EE-ECA8-4DDF-8741-5146FB09AE4C}.Release|x64.ActiveCfg = Release|Any CPU
		{0828C6EE-ECA8-4DDF-8741-5146FB09AE4C}.Release|x64.Build.0 = Release|Any CPU
		{0828C6EE-ECA8-4DDF-8741-5146FB09AE4C}.Release|x86.ActiveCfg = Release|Any CPU
		{0828C6EE-ECA8-4DDF-8741-5146FB09AE4C}.Release|x86.Build.0 = Release|Any CPU
		{6D633662-CCFD-4A0E-A156-7146361DA3DB}.Debug|Any CPU.ActiveCfg = Debug|Any CPU
		{6D633662-CCFD-4A0E-A156-7146361DA3DB}.Debug|Any CPU.Build.0 = Debug|Any CPU
		{6D633662-CCFD-4A0E-A156-7146361DA3DB}.Debug|x64.ActiveCfg = Debug|Any CPU
		{6D633662-CCFD-4A0E-A156-7146361DA3DB}.Debug|x64.Build.0 = Debug|Any CPU
		{6D633662-CCFD-4A0E-A156-7146361DA3DB}.Debug|x86.ActiveCfg = Debug|Any CPU
		{6D633662-CCFD-4A0E-A156-7146361DA3DB}.Debug|x86.Build.0 = Debug|Any CPU
		{6D633662-CCFD-4A0E-A156-7146361DA3DB}.Release|Any CPU.ActiveCfg = Release|Any CPU
		{6D633662-CCFD-4A0E-A156-7146361DA3DB}.Release|Any CPU.Build.0 = Release|Any CPU
		{6D633662-CCFD-4A0E-A156-7146361DA3DB}.Release|x64.ActiveCfg = Release|Any CPU
		{6D633662-CCFD-4A0E-A156-7146361DA3DB}.Release|x64.Build.0 = Release|Any CPU
		{6D633662-CCFD-4A0E-A156-7146361DA3DB}.Release|x86.ActiveCfg = Release|Any CPU
		{6D633662-CCFD-4A0E-A156-7146361DA3DB}.Release|x86.Build.0 = Release|Any CPU
		{F261D5FF-926C-4F49-A9DB-33C22F61C7B1}.Debug|Any CPU.ActiveCfg = Debug|Any CPU
		{F261D5FF-926C-4F49-A9DB-33C22F61C7B1}.Debug|Any CPU.Build.0 = Debug|Any CPU
		{F261D5FF-926C-4F49-A9DB-33C22F61C7B1}.Debug|x64.ActiveCfg = Debug|Any CPU
		{F261D5FF-926C-4F49-A9DB-33C22F61C7B1}.Debug|x64.Build.0 = Debug|Any CPU
		{F261D5FF-926C-4F49-A9DB-33C22F61C7B1}.Debug|x86.ActiveCfg = Debug|Any CPU
		{F261D5FF-926C-4F49-A9DB-33C22F61C7B1}.Debug|x86.Build.0 = Debug|Any CPU
		{F261D5FF-926C-4F49-A9DB-33C22F61C7B1}.Release|Any CPU.ActiveCfg = Release|Any CPU
		{F261D5FF-926C-4F49-A9DB-33C22F61C7B1}.Release|Any CPU.Build.0 = Release|Any CPU
		{F261D5FF-926C-4F49-A9DB-33C22F61C7B1}.Release|x64.ActiveCfg = Release|Any CPU
		{F261D5FF-926C-4F49-A9DB-33C22F61C7B1}.Release|x64.Build.0 = Release|Any CPU
		{F261D5FF-926C-4F49-A9DB-33C22F61C7B1}.Release|x86.ActiveCfg = Release|Any CPU
		{F261D5FF-926C-4F49-A9DB-33C22F61C7B1}.Release|x86.Build.0 = Release|Any CPU
		{212326C6-CFA4-41C7-BB34-E21C0ABDFCF4}.Debug|Any CPU.ActiveCfg = Debug|Any CPU
		{212326C6-CFA4-41C7-BB34-E21C0ABDFCF4}.Debug|Any CPU.Build.0 = Debug|Any CPU
		{212326C6-CFA4-41C7-BB34-E21C0ABDFCF4}.Debug|x64.ActiveCfg = Debug|Any CPU
		{212326C6-CFA4-41C7-BB34-E21C0ABDFCF4}.Debug|x64.Build.0 = Debug|Any CPU
		{212326C6-CFA4-41C7-BB34-E21C0ABDFCF4}.Debug|x86.ActiveCfg = Debug|Any CPU
		{212326C6-CFA4-41C7-BB34-E21C0ABDFCF4}.Debug|x86.Build.0 = Debug|Any CPU
		{212326C6-CFA4-41C7-BB34-E21C0ABDFCF4}.Release|Any CPU.ActiveCfg = Release|Any CPU
		{212326C6-CFA4-41C7-BB34-E21C0ABDFCF4}.Release|Any CPU.Build.0 = Release|Any CPU
		{212326C6-CFA4-41C7-BB34-E21C0ABDFCF4}.Release|x64.ActiveCfg = Release|Any CPU
		{212326C6-CFA4-41C7-BB34-E21C0ABDFCF4}.Release|x64.Build.0 = Release|Any CPU
		{212326C6-CFA4-41C7-BB34-E21C0ABDFCF4}.Release|x86.ActiveCfg = Release|Any CPU
		{212326C6-CFA4-41C7-BB34-E21C0ABDFCF4}.Release|x86.Build.0 = Release|Any CPU
		{20B1F9F1-92A8-4695-BFE9-50767E1447A8}.Debug|Any CPU.ActiveCfg = Debug|Any CPU
		{20B1F9F1-92A8-4695-BFE9-50767E1447A8}.Debug|Any CPU.Build.0 = Debug|Any CPU
		{20B1F9F1-92A8-4695-BFE9-50767E1447A8}.Debug|x64.ActiveCfg = Debug|Any CPU
		{20B1F9F1-92A8-4695-BFE9-50767E1447A8}.Debug|x64.Build.0 = Debug|Any CPU
		{20B1F9F1-92A8-4695-BFE9-50767E1447A8}.Debug|x86.ActiveCfg = Debug|Any CPU
		{20B1F9F1-92A8-4695-BFE9-50767E1447A8}.Debug|x86.Build.0 = Debug|Any CPU
		{20B1F9F1-92A8-4695-BFE9-50767E1447A8}.Release|Any CPU.ActiveCfg = Release|Any CPU
		{20B1F9F1-92A8-4695-BFE9-50767E1447A8}.Release|Any CPU.Build.0 = Release|Any CPU
		{20B1F9F1-92A8-4695-BFE9-50767E1447A8}.Release|x64.ActiveCfg = Release|Any CPU
		{20B1F9F1-92A8-4695-BFE9-50767E1447A8}.Release|x64.Build.0 = Release|Any CPU
		{20B1F9F1-92A8-4695-BFE9-50767E1447A8}.Release|x86.ActiveCfg = Release|Any CPU
		{20B1F9F1-92A8-4695-BFE9-50767E1447A8}.Release|x86.Build.0 = Release|Any CPU
		{5FA54578-E714-49C8-8B74-BD60196E5CE4}.Debug|Any CPU.ActiveCfg = Debug|Any CPU
		{5FA54578-E714-49C8-8B74-BD60196E5CE4}.Debug|Any CPU.Build.0 = Debug|Any CPU
		{5FA54578-E714-49C8-8B74-BD60196E5CE4}.Debug|x64.ActiveCfg = Debug|Any CPU
		{5FA54578-E714-49C8-8B74-BD60196E5CE4}.Debug|x64.Build.0 = Debug|Any CPU
		{5FA54578-E714-49C8-8B74-BD60196E5CE4}.Debug|x86.ActiveCfg = Debug|Any CPU
		{5FA54578-E714-49C8-8B74-BD60196E5CE4}.Debug|x86.Build.0 = Debug|Any CPU
		{5FA54578-E714-49C8-8B74-BD60196E5CE4}.Release|Any CPU.ActiveCfg = Release|Any CPU
		{5FA54578-E714-49C8-8B74-BD60196E5CE4}.Release|Any CPU.Build.0 = Release|Any CPU
		{5FA54578-E714-49C8-8B74-BD60196E5CE4}.Release|x64.ActiveCfg = Release|Any CPU
		{5FA54578-E714-49C8-8B74-BD60196E5CE4}.Release|x64.Build.0 = Release|Any CPU
		{5FA54578-E714-49C8-8B74-BD60196E5CE4}.Release|x86.ActiveCfg = Release|Any CPU
		{5FA54578-E714-49C8-8B74-BD60196E5CE4}.Release|x86.Build.0 = Release|Any CPU
	EndGlobalSection
	GlobalSection(SolutionProperties) = preSolution
		HideSolutionNode = FALSE
	EndGlobalSection
	GlobalSection(NestedProjects) = preSolution
		{39DB3631-139E-4998-87CB-BDA055C77F5D} = {7A9346FF-9D7B-4007-9449-BEBC15AB5FFE}
		{AB0346F7-D332-43FE-876C-BA2F2516203D} = {7A9346FF-9D7B-4007-9449-BEBC15AB5FFE}
		{63A68140-1DD1-45DD-B074-1819F6F02F58} = {7A9346FF-9D7B-4007-9449-BEBC15AB5FFE}
		{0828C6EE-ECA8-4DDF-8741-5146FB09AE4C} = {7A9346FF-9D7B-4007-9449-BEBC15AB5FFE}
		{6D633662-CCFD-4A0E-A156-7146361DA3DB} = {7A9346FF-9D7B-4007-9449-BEBC15AB5FFE}
		{F261D5FF-926C-4F49-A9DB-33C22F61C7B1} = {913D3875-C72D-49A6-8A38-3DD34B47AC90}
		{212326C6-CFA4-41C7-BB34-E21C0ABDFCF4} = {FB94B0C3-156B-4EAA-BD61-1D2E4593A615}
		{20B1F9F1-92A8-4695-BFE9-50767E1447A8} = {7A9346FF-9D7B-4007-9449-BEBC15AB5FFE}
		{5FA54578-E714-49C8-8B74-BD60196E5CE4} = {FB94B0C3-156B-4EAA-BD61-1D2E4593A615}
	EndGlobalSection
	GlobalSection(ExtensibilityGlobals) = postSolution
		SolutionGuid = {71988292-41F9-4C21-9B7F-801D1A133E14}
	EndGlobalSection
EndGlobal
