
Microsoft Visual Studio Solution File, Format Version 12.00
# Visual Studio 15
VisualStudioVersion = 15.0.26114.2
MinimumVisualStudioVersion = 10.0.40219.1
Project("{2150E333-8FDC-42A3-9474-1A3956D46DE8}") = "Files", "Files", "{09F9F350-B9A5-44CE-A752-3ACAFAEE5F72}"
	ProjectSection(SolutionItems) = preProject
		NuGet.Config = NuGet.Config
		README.md = README.md
	EndProjectSection
EndProject
Project("{FAE04EC0-301F-11D3-BF4B-00C04F79EFBC}") = "MiniWeb.Core", "src\MiniWeb.Core\MiniWeb.Core.csproj", "{39DB3631-139E-4998-87CB-BDA055C77F5D}"
EndProject
Project("{2150E333-8FDC-42A3-9474-1A3956D46DE8}") = "src", "src", "{7A9346FF-9D7B-4007-9449-BEBC15AB5FFE}"
EndProject
Global
	GlobalSection(SolutionConfigurationPlatforms) = preSolution
		Debug|Any CPU = Debug|Any CPU
		Debug|x64 = Debug|x64
		Release|Any CPU = Release|Any CPU
		Release|x64 = Release|x64
		Debug|x86 = Debug|x86
		Release|x86 = Release|x86
	EndGlobalSection
	GlobalSection(ProjectConfigurationPlatforms) = postSolution
		{BD27FDFE-117D-4A60-8EC8-F688F077DD84}.Debug|Any CPU.ActiveCfg = Debug|Any CPU
		{BD27FDFE-117D-4A60-8EC8-F688F077DD84}.Debug|Any CPU.Build.0 = Debug|Any CPU
		{BD27FDFE-117D-4A60-8EC8-F688F077DD84}.Debug|x64.ActiveCfg = Debug|x64
		{BD27FDFE-117D-4A60-8EC8-F688F077DD84}.Debug|x64.Build.0 = Debug|x64
		{BD27FDFE-117D-4A60-8EC8-F688F077DD84}.Debug|x86.ActiveCfg = Debug|x86
		{BD27FDFE-117D-4A60-8EC8-F688F077DD84}.Debug|x86.Build.0 = Debug|x86
		{BD27FDFE-117D-4A60-8EC8-F688F077DD84}.Release|Any CPU.ActiveCfg = Release|Any CPU
		{BD27FDFE-117D-4A60-8EC8-F688F077DD84}.Release|Any CPU.Build.0 = Release|Any CPU
		{BD27FDFE-117D-4A60-8EC8-F688F077DD84}.Release|x64.ActiveCfg = Release|x64
		{BD27FDFE-117D-4A60-8EC8-F688F077DD84}.Release|x64.Build.0 = Release|x64
		{BD27FDFE-117D-4A60-8EC8-F688F077DD84}.Release|x86.ActiveCfg = Release|x86
		{BD27FDFE-117D-4A60-8EC8-F688F077DD84}.Release|x86.Build.0 = Release|x86
		{C1F6D58C-6651-41EF-B253-2FDD760E247F}.Debug|Any CPU.ActiveCfg = Debug|Any CPU
		{C1F6D58C-6651-41EF-B253-2FDD760E247F}.Debug|Any CPU.Build.0 = Debug|Any CPU
		{C1F6D58C-6651-41EF-B253-2FDD760E247F}.Debug|x64.ActiveCfg = Debug|x64
		{C1F6D58C-6651-41EF-B253-2FDD760E247F}.Debug|x64.Build.0 = Debug|x64
		{C1F6D58C-6651-41EF-B253-2FDD760E247F}.Debug|x86.ActiveCfg = Debug|x86
		{C1F6D58C-6651-41EF-B253-2FDD760E247F}.Debug|x86.Build.0 = Debug|x86
		{C1F6D58C-6651-41EF-B253-2FDD760E247F}.Release|Any CPU.ActiveCfg = Release|Any CPU
		{C1F6D58C-6651-41EF-B253-2FDD760E247F}.Release|Any CPU.Build.0 = Release|Any CPU
		{C1F6D58C-6651-41EF-B253-2FDD760E247F}.Release|x64.ActiveCfg = Release|x64
		{C1F6D58C-6651-41EF-B253-2FDD760E247F}.Release|x64.Build.0 = Release|x64
		{C1F6D58C-6651-41EF-B253-2FDD760E247F}.Release|x86.ActiveCfg = Release|x86
		{C1F6D58C-6651-41EF-B253-2FDD760E247F}.Release|x86.Build.0 = Release|x86
		{45727343-5B93-4BA5-B08A-B5CFBCC0A725}.Debug|Any CPU.ActiveCfg = Debug|Any CPU
		{45727343-5B93-4BA5-B08A-B5CFBCC0A725}.Debug|Any CPU.Build.0 = Debug|Any CPU
		{45727343-5B93-4BA5-B08A-B5CFBCC0A725}.Debug|x64.ActiveCfg = Debug|x64
		{45727343-5B93-4BA5-B08A-B5CFBCC0A725}.Debug|x64.Build.0 = Debug|x64
		{45727343-5B93-4BA5-B08A-B5CFBCC0A725}.Debug|x86.ActiveCfg = Debug|x86
		{45727343-5B93-4BA5-B08A-B5CFBCC0A725}.Debug|x86.Build.0 = Debug|x86
		{45727343-5B93-4BA5-B08A-B5CFBCC0A725}.Release|Any CPU.ActiveCfg = Release|Any CPU
		{45727343-5B93-4BA5-B08A-B5CFBCC0A725}.Release|Any CPU.Build.0 = Release|Any CPU
		{45727343-5B93-4BA5-B08A-B5CFBCC0A725}.Release|x64.ActiveCfg = Release|x64
		{45727343-5B93-4BA5-B08A-B5CFBCC0A725}.Release|x64.Build.0 = Release|x64
		{45727343-5B93-4BA5-B08A-B5CFBCC0A725}.Release|x86.ActiveCfg = Release|x86
		{45727343-5B93-4BA5-B08A-B5CFBCC0A725}.Release|x86.Build.0 = Release|x86
		{39DB3631-139E-4998-87CB-BDA055C77F5D}.Debug|Any CPU.ActiveCfg = Debug|Any CPU
		{39DB3631-139E-4998-87CB-BDA055C77F5D}.Debug|Any CPU.Build.0 = Debug|Any CPU
		{39DB3631-139E-4998-87CB-BDA055C77F5D}.Debug|x64.ActiveCfg = Debug|x64
		{39DB3631-139E-4998-87CB-BDA055C77F5D}.Debug|x64.Build.0 = Debug|x64
		{39DB3631-139E-4998-87CB-BDA055C77F5D}.Release|Any CPU.ActiveCfg = Release|Any CPU
		{39DB3631-139E-4998-87CB-BDA055C77F5D}.Release|Any CPU.Build.0 = Release|Any CPU
		{39DB3631-139E-4998-87CB-BDA055C77F5D}.Release|x64.ActiveCfg = Release|x64
		{39DB3631-139E-4998-87CB-BDA055C77F5D}.Release|x64.Build.0 = Release|x64
		{39DB3631-139E-4998-87CB-BDA055C77F5D}.Debug|x86.ActiveCfg = Debug|x86
		{39DB3631-139E-4998-87CB-BDA055C77F5D}.Debug|x86.Build.0 = Debug|x86
		{39DB3631-139E-4998-87CB-BDA055C77F5D}.Release|x86.ActiveCfg = Release|x86
		{39DB3631-139E-4998-87CB-BDA055C77F5D}.Release|x86.Build.0 = Release|x86
	EndGlobalSection
	GlobalSection(SolutionProperties) = preSolution
		HideSolutionNode = FALSE
	EndGlobalSection
EndGlobal
