
Microsoft Visual Studio Solution File, Format Version 12.00
# Visual Studio 14
VisualStudioVersion = 14.0.22823.1
MinimumVisualStudioVersion = 10.0.40219.1
Project("{8BB2217D-0F2D-49D1-97BC-3654ED321F3B}") = "MiniWeb.Storage.XmlStorage", "src\MiniWeb.Storage.XmlStorage\MiniWeb.Storage.XmlStorage.xproj", "{A5D12571-5214-4B71-8814-9452260F2A0F}"
EndProject
Project("{8BB2217D-0F2D-49D1-97BC-3654ED321F3B}") = "MiniWeb.Storage.JsonStorage", "src\MiniWeb.Storage.JsonStorage\MiniWeb.Storage.JsonStorage.xproj", "{5BDAD221-0CBC-4C14-BBCA-986992A2D0D3}"
EndProject
Project("{8BB2217D-0F2D-49D1-97BC-3654ED321F3B}") = "MiniWeb.Core", "src\MiniWeb.Core\MiniWeb.Core.xproj", "{9BB38564-ABFE-43EB-B3CC-4438710E86A5}"
EndProject
Project("{2150E333-8FDC-42A3-9474-1A3956D46DE8}") = "Files", "Files", "{09F9F350-B9A5-44CE-A752-3ACAFAEE5F72}"
	ProjectSection(SolutionItems) = preProject
		global.json = global.json
		NuGet.Config = NuGet.Config
		README.md = README.md
	EndProjectSection
EndProject
Project("{8BB2217D-0F2D-49D1-97BC-3654ED321F3B}") = "TestWeb", "test\TestWeb\TestWeb.xproj", "{8831D81D-3E48-4053-9885-51D6AEA57746}"
EndProject
Global
	GlobalSection(SolutionConfigurationPlatforms) = preSolution
		Debug|Any CPU = Debug|Any CPU
		Release|Any CPU = Release|Any CPU
	EndGlobalSection
	GlobalSection(ProjectConfigurationPlatforms) = postSolution
		{A5D12571-5214-4B71-8814-9452260F2A0F}.Debug|Any CPU.ActiveCfg = Debug|Any CPU
		{A5D12571-5214-4B71-8814-9452260F2A0F}.Debug|Any CPU.Build.0 = Debug|Any CPU
		{A5D12571-5214-4B71-8814-9452260F2A0F}.Release|Any CPU.ActiveCfg = Release|Any CPU
		{A5D12571-5214-4B71-8814-9452260F2A0F}.Release|Any CPU.Build.0 = Release|Any CPU
		{5BDAD221-0CBC-4C14-BBCA-986992A2D0D3}.Debug|Any CPU.ActiveCfg = Debug|Any CPU
		{5BDAD221-0CBC-4C14-BBCA-986992A2D0D3}.Debug|Any CPU.Build.0 = Debug|Any CPU
		{5BDAD221-0CBC-4C14-BBCA-986992A2D0D3}.Release|Any CPU.ActiveCfg = Release|Any CPU
		{5BDAD221-0CBC-4C14-BBCA-986992A2D0D3}.Release|Any CPU.Build.0 = Release|Any CPU
		{9BB38564-ABFE-43EB-B3CC-4438710E86A5}.Debug|Any CPU.ActiveCfg = Debug|Any CPU
		{9BB38564-ABFE-43EB-B3CC-4438710E86A5}.Debug|Any CPU.Build.0 = Debug|Any CPU
		{9BB38564-ABFE-43EB-B3CC-4438710E86A5}.Release|Any CPU.ActiveCfg = Release|Any CPU
		{9BB38564-ABFE-43EB-B3CC-4438710E86A5}.Release|Any CPU.Build.0 = Release|Any CPU
		{8831D81D-3E48-4053-9885-51D6AEA57746}.Debug|Any CPU.ActiveCfg = Debug|Any CPU
		{8831D81D-3E48-4053-9885-51D6AEA57746}.Debug|Any CPU.Build.0 = Debug|Any CPU
		{8831D81D-3E48-4053-9885-51D6AEA57746}.Release|Any CPU.ActiveCfg = Release|Any CPU
		{8831D81D-3E48-4053-9885-51D6AEA57746}.Release|Any CPU.Build.0 = Release|Any CPU
	EndGlobalSection
	GlobalSection(SolutionProperties) = preSolution
		HideSolutionNode = FALSE
	EndGlobalSection
EndGlobal
